
Microsoft Visual Studio Solution File, Format Version 12.00
# Visual Studio Version 17
VisualStudioVersion = 17.2.32630.192
MinimumVisualStudioVersion = 10.0.40219.1
Project("{FAE04EC0-301F-11D3-BF4B-00C04F79EFBC}") = "Formatar", "Formatar\Formatar.csproj", "{BF6DEB18-5454-4EE4-9097-E6158DEF76A1}"
EndProject
Global
	GlobalSection(SolutionConfigurationPlatforms) = preSolution
		Debug|Any CPU = Debug|Any CPU
		Release|Any CPU = Release|Any CPU
	EndGlobalSection
	GlobalSection(ProjectConfigurationPlatforms) = postSolution
		{BF6DEB18-5454-4EE4-9097-E6158DEF76A1}.Debug|Any CPU.ActiveCfg = Debug|Any CPU
		{BF6DEB18-5454-4EE4-9097-E6158DEF76A1}.Debug|Any CPU.Build.0 = Debug|Any CPU
		{BF6DEB18-5454-4EE4-9097-E6158DEF76A1}.Release|Any CPU.ActiveCfg = Release|Any CPU
		{BF6DEB18-5454-4EE4-9097-E6158DEF76A1}.Release|Any CPU.Build.0 = Release|Any CPU
	EndGlobalSection
	GlobalSection(SolutionProperties) = preSolution
		HideSolutionNode = FALSE
	EndGlobalSection
	GlobalSection(ExtensibilityGlobals) = postSolution
		SolutionGuid = {03CC0EE8-39EB-4780-830B-5AC959786FAE}
	EndGlobalSection
EndGlobal
